
Microsoft Visual Studio Solution File, Format Version 12.00
# Visual Studio Version 17
VisualStudioVersion = 17.14.36408.4
MinimumVisualStudioVersion = 10.0.40219.1
Project("{FAE04EC0-301F-11D3-BF4B-00C04F79EFBC}") = "RabbitMQ.Consumer", "RabbitMQ.Producer\RabbitMQ.Consumer.csproj", "{B340A43A-FF27-40A9-96E3-917061D998C0}"
EndProject
Project("{FAE04EC0-301F-11D3-BF4B-00C04F79EFBC}") = "RabbitMQ.Producer", "RabbitMQ.Consumer\RabbitMQ.Producer.csproj", "{E8FAA2D2-C679-4D04-889F-646208BB7A14}"
EndProject
Project("{2150E333-8FDC-42A3-9474-1A3956D46DE8}") = "Solution Items", "Solution Items", "{8EC462FD-D22E-90A8-E5CE-7E832BA40C5D}"
	ProjectSection(SolutionItems) = preProject
		.gitignore = .gitignore
	EndProjectSection
EndProject
Global
	GlobalSection(SolutionConfigurationPlatforms) = preSolution
		Debug|Any CPU = Debug|Any CPU
		Release|Any CPU = Release|Any CPU
	EndGlobalSection
	GlobalSection(ProjectConfigurationPlatforms) = postSolution
		{B340A43A-FF27-40A9-96E3-917061D998C0}.Debug|Any CPU.ActiveCfg = Debug|Any CPU
		{B340A43A-FF27-40A9-96E3-917061D998C0}.Debug|Any CPU.Build.0 = Debug|Any CPU
		{B340A43A-FF27-40A9-96E3-917061D998C0}.Release|Any CPU.ActiveCfg = Release|Any CPU
		{B340A43A-FF27-40A9-96E3-917061D998C0}.Release|Any CPU.Build.0 = Release|Any CPU
		{E8FAA2D2-C679-4D04-889F-646208BB7A14}.Debug|Any CPU.ActiveCfg = Debug|Any CPU
		{E8FAA2D2-C679-4D04-889F-646208BB7A14}.Debug|Any CPU.Build.0 = Debug|Any CPU
		{E8FAA2D2-C679-4D04-889F-646208BB7A14}.Release|Any CPU.ActiveCfg = Release|Any CPU
		{E8FAA2D2-C679-4D04-889F-646208BB7A14}.Release|Any CPU.Build.0 = Release|Any CPU
	EndGlobalSection
	GlobalSection(SolutionProperties) = preSolution
		HideSolutionNode = FALSE
	EndGlobalSection
	GlobalSection(ExtensibilityGlobals) = postSolution
		SolutionGuid = {CF95DAD3-BB6A-4741-828A-427F4E7E3253}
	EndGlobalSection
EndGlobal
